
Microsoft Visual Studio Solution File, Format Version 12.00
# Visual Studio 15
VisualStudioVersion = 15.0.27009.1
MinimumVisualStudioVersion = 10.0.40219.1
Project("{9092AA53-FB77-4645-B42D-1CCCA6BD08BD}") = "login-fb", "login-fb\login-fb.njsproj", "{21248252-7B6C-4D3A-BB49-84C0B24FC6B1}"
EndProject
Global
	GlobalSection(SolutionConfigurationPlatforms) = preSolution
		Debug|Any CPU = Debug|Any CPU
		Release|Any CPU = Release|Any CPU
	EndGlobalSection
	GlobalSection(ProjectConfigurationPlatforms) = postSolution
		{21248252-7B6C-4D3A-BB49-84C0B24FC6B1}.Debug|Any CPU.ActiveCfg = Debug|Any CPU
		{21248252-7B6C-4D3A-BB49-84C0B24FC6B1}.Debug|Any CPU.Build.0 = Debug|Any CPU
		{21248252-7B6C-4D3A-BB49-84C0B24FC6B1}.Release|Any CPU.ActiveCfg = Release|Any CPU
		{21248252-7B6C-4D3A-BB49-84C0B24FC6B1}.Release|Any CPU.Build.0 = Release|Any CPU
	EndGlobalSection
	GlobalSection(SolutionProperties) = preSolution
		HideSolutionNode = FALSE
	EndGlobalSection
	GlobalSection(ExtensibilityGlobals) = postSolution
		SolutionGuid = {03C46FFE-78BE-4753-9FAA-1E8087DC1762}
	EndGlobalSection
EndGlobal
